
Microsoft Visual Studio Solution File, Format Version 12.00
# Visual Studio Version 16
VisualStudioVersion = 16.0.30320.27
MinimumVisualStudioVersion = 10.0.40219.1
Project("{9A19103F-16F7-4668-BE54-9A1E7A4F7556}") = "ECS.Aplicacao.WebApi", "ECS.Aplicacao.WebApi.csproj", "{52E80C04-9752-42B4-891A-9B63873F053A}"
EndProject
Project("{2150E333-8FDC-42A3-9474-1A3956D46DE8}") = "Solution Items", "Solution Items", "{7DDD92E1-B6AE-4FD7-8D2D-29C299D9DCA1}"
	ProjectSection(SolutionItems) = preProject
		readme.md = readme.md
	EndProjectSection
EndProject
Global
	GlobalSection(SolutionConfigurationPlatforms) = preSolution
		Debug|Any CPU = Debug|Any CPU
		Release|Any CPU = Release|Any CPU
	EndGlobalSection
	GlobalSection(ProjectConfigurationPlatforms) = postSolution
		{52E80C04-9752-42B4-891A-9B63873F053A}.Debug|Any CPU.ActiveCfg = Debug|Any CPU
		{52E80C04-9752-42B4-891A-9B63873F053A}.Debug|Any CPU.Build.0 = Debug|Any CPU
		{52E80C04-9752-42B4-891A-9B63873F053A}.Release|Any CPU.ActiveCfg = Release|Any CPU
		{52E80C04-9752-42B4-891A-9B63873F053A}.Release|Any CPU.Build.0 = Release|Any CPU
	EndGlobalSection
	GlobalSection(SolutionProperties) = preSolution
		HideSolutionNode = FALSE
	EndGlobalSection
	GlobalSection(ExtensibilityGlobals) = postSolution
		SolutionGuid = {398010C3-1B73-478C-BCAD-C63FD7862EC3}
	EndGlobalSection
EndGlobal
